
Microsoft Visual Studio Solution File, Format Version 12.00
# Visual Studio Version 16
VisualStudioVersion = 16.0.29519.87
MinimumVisualStudioVersion = 10.0.40219.1
Project("{FAE04EC0-301F-11D3-BF4B-00C04F79EFBC}") = "TimeSplitter", "TimeSplitter\TimeSplitter.csproj", "{0837F017-7420-4774-941A-DF1F4F51385E}"
EndProject
Global
	GlobalSection(SolutionConfigurationPlatforms) = preSolution
		Debug|Any CPU = Debug|Any CPU
		Release|Any CPU = Release|Any CPU
	EndGlobalSection
	GlobalSection(ProjectConfigurationPlatforms) = postSolution
		{0837F017-7420-4774-941A-DF1F4F51385E}.Debug|Any CPU.ActiveCfg = Debug|Any CPU
		{0837F017-7420-4774-941A-DF1F4F51385E}.Debug|Any CPU.Build.0 = Debug|Any CPU
		{0837F017-7420-4774-941A-DF1F4F51385E}.Release|Any CPU.ActiveCfg = Release|Any CPU
		{0837F017-7420-4774-941A-DF1F4F51385E}.Release|Any CPU.Build.0 = Release|Any CPU
	EndGlobalSection
	GlobalSection(SolutionProperties) = preSolution
		HideSolutionNode = FALSE
	EndGlobalSection
	GlobalSection(ExtensibilityGlobals) = postSolution
		SolutionGuid = {63E8E744-E9FF-4564-9ABD-758D872522E0}
	EndGlobalSection
EndGlobal
